
Microsoft Visual Studio Solution File, Format Version 11.00
# Visual Studio 2010
Project("{FAE04EC0-301F-11D3-BF4B-00C04F79EFBC}") = "EngageF3", "EngageF3.csproj", "{FE50E775-C5CC-4F73-8305-CB263B6DA5CB}"
EndProject
Project("{2150E333-8FDC-42A3-9474-1A3956D46DE8}") = "Solution Items", "Solution Items", "{AB7792D5-10D0-4297-87B7-8B8E7E9F1AC7}"
	ProjectSection(SolutionItems) = preProject
		EngageF3.sln = EngageF3.sln
		EngageF3_VS2008.sln = EngageF3_VS2008.sln
	EndProjectSection
EndProject
Global
	GlobalSection(TeamFoundationVersionControl) = preSolution
		SccNumberOfProjects = 2
		SccEnterpriseProvider = {4CA58AB2-18FA-4F8D-95D4-32DDF27D184C}
		SccTeamFoundationServer = http://tfs2008.etg-inc.net:8080/
		SccProjectUniqueName0 = EngageF3.csproj
		SccLocalPath0 = .
		SccLocalPath1 = .
	EndGlobalSection
	GlobalSection(SolutionConfigurationPlatforms) = preSolution
		Debug|Any CPU = Debug|Any CPU
		Release|Any CPU = Release|Any CPU
	EndGlobalSection
	GlobalSection(ProjectConfigurationPlatforms) = postSolution
		{FE50E775-C5CC-4F73-8305-CB263B6DA5CB}.Debug|Any CPU.ActiveCfg = Debug|Any CPU
		{FE50E775-C5CC-4F73-8305-CB263B6DA5CB}.Debug|Any CPU.Build.0 = Debug|Any CPU
		{FE50E775-C5CC-4F73-8305-CB263B6DA5CB}.Release|Any CPU.ActiveCfg = Release|Any CPU
		{FE50E775-C5CC-4F73-8305-CB263B6DA5CB}.Release|Any CPU.Build.0 = Release|Any CPU
	EndGlobalSection
	GlobalSection(SolutionProperties) = preSolution
		HideSolutionNode = FALSE
	EndGlobalSection
EndGlobal
